
Microsoft Visual Studio Solution File, Format Version 12.00
# Visual Studio Version 17
VisualStudioVersion = 17.13.35931.197 d17.13
MinimumVisualStudioVersion = 10.0.40219.1
Project("{FAE04EC0-301F-11D3-BF4B-00C04F79EFBC}") = "BusinessObject", "BusinessObject\BusinessObject.csproj", "{0BF2DADD-B7E6-45C4-A821-41F6745989E7}"
EndProject
Project("{FAE04EC0-301F-11D3-BF4B-00C04F79EFBC}") = "DataAccessLayer", "DataAccessLayer\DataAccessLayer.csproj", "{AFE756E4-87A3-4DBB-A3CC-E61D20B6E67B}"
EndProject
Project("{FAE04EC0-301F-11D3-BF4B-00C04F79EFBC}") = "Reponsitories", "Reponsitories\Reponsitories.csproj", "{A08E1575-31DE-461E-A632-E9380F4EB20D}"
EndProject
Project("{FAE04EC0-301F-11D3-BF4B-00C04F79EFBC}") = "Services", "Services\Services.csproj", "{F693A97E-F038-4165-A893-870E8B43BE6C}"
EndProject
Project("{FAE04EC0-301F-11D3-BF4B-00C04F79EFBC}") = "LibraryWpfApp", "LibraryWpfApp\LibraryWpfApp.csproj", "{EB653643-A913-46CA-8AD7-D91126A47AC6}"
EndProject
Global
	GlobalSection(SolutionConfigurationPlatforms) = preSolution
		Debug|Any CPU = Debug|Any CPU
		Release|Any CPU = Release|Any CPU
	EndGlobalSection
	GlobalSection(ProjectConfigurationPlatforms) = postSolution
		{0BF2DADD-B7E6-45C4-A821-41F6745989E7}.Debug|Any CPU.ActiveCfg = Debug|Any CPU
		{0BF2DADD-B7E6-45C4-A821-41F6745989E7}.Debug|Any CPU.Build.0 = Debug|Any CPU
		{0BF2DADD-B7E6-45C4-A821-41F6745989E7}.Release|Any CPU.ActiveCfg = Release|Any CPU
		{0BF2DADD-B7E6-45C4-A821-41F6745989E7}.Release|Any CPU.Build.0 = Release|Any CPU
		{AFE756E4-87A3-4DBB-A3CC-E61D20B6E67B}.Debug|Any CPU.ActiveCfg = Debug|Any CPU
		{AFE756E4-87A3-4DBB-A3CC-E61D20B6E67B}.Debug|Any CPU.Build.0 = Debug|Any CPU
		{AFE756E4-87A3-4DBB-A3CC-E61D20B6E67B}.Release|Any CPU.ActiveCfg = Release|Any CPU
		{AFE756E4-87A3-4DBB-A3CC-E61D20B6E67B}.Release|Any CPU.Build.0 = Release|Any CPU
		{A08E1575-31DE-461E-A632-E9380F4EB20D}.Debug|Any CPU.ActiveCfg = Debug|Any CPU
		{A08E1575-31DE-461E-A632-E9380F4EB20D}.Debug|Any CPU.Build.0 = Debug|Any CPU
		{A08E1575-31DE-461E-A632-E9380F4EB20D}.Release|Any CPU.ActiveCfg = Release|Any CPU
		{A08E1575-31DE-461E-A632-E9380F4EB20D}.Release|Any CPU.Build.0 = Release|Any CPU
		{F693A97E-F038-4165-A893-870E8B43BE6C}.Debug|Any CPU.ActiveCfg = Debug|Any CPU
		{F693A97E-F038-4165-A893-870E8B43BE6C}.Debug|Any CPU.Build.0 = Debug|Any CPU
		{F693A97E-F038-4165-A893-870E8B43BE6C}.Release|Any CPU.ActiveCfg = Release|Any CPU
		{F693A97E-F038-4165-A893-870E8B43BE6C}.Release|Any CPU.Build.0 = Release|Any CPU
		{EB653643-A913-46CA-8AD7-D91126A47AC6}.Debug|Any CPU.ActiveCfg = Debug|Any CPU
		{EB653643-A913-46CA-8AD7-D91126A47AC6}.Debug|Any CPU.Build.0 = Debug|Any CPU
		{EB653643-A913-46CA-8AD7-D91126A47AC6}.Release|Any CPU.ActiveCfg = Release|Any CPU
		{EB653643-A913-46CA-8AD7-D91126A47AC6}.Release|Any CPU.Build.0 = Release|Any CPU
	EndGlobalSection
	GlobalSection(SolutionProperties) = preSolution
		HideSolutionNode = FALSE
	EndGlobalSection
	GlobalSection(ExtensibilityGlobals) = postSolution
		SolutionGuid = {07C19211-4D45-4BA7-930F-D4FBD9F3E424}
	EndGlobalSection
EndGlobal
